
Microsoft Visual Studio Solution File, Format Version 12.00
# Visual Studio Version 17
VisualStudioVersion = 17.7.34009.444
MinimumVisualStudioVersion = 10.0.40219.1
Project("{FAE04EC0-301F-11D3-BF4B-00C04F79EFBC}") = "Syntax", "Syntax\Syntax.csproj", "{CCDB6498-CE6C-418F-97C4-D05ACE58792A}"
EndProject
Project("{FAE04EC0-301F-11D3-BF4B-00C04F79EFBC}") = "PatternMatching", "PatternMatching\PatternMatching.csproj", "{CF1B5DCA-ED30-4659-BA7F-0D0721FA2235}"
EndProject
Project("{FAE04EC0-301F-11D3-BF4B-00C04F79EFBC}") = "Namespaces", "Namespaces\Namespaces.csproj", "{CDDC57F1-473A-4371-BF8A-DF7BE6EC5ADF}"
EndProject
Project("{FAE04EC0-301F-11D3-BF4B-00C04F79EFBC}") = "Immutability", "Immutability\Immutability.csproj", "{AF2662DE-D40E-49BA-9BCE-EE7EB2ED5A4B}"
EndProject
Project("{FAE04EC0-301F-11D3-BF4B-00C04F79EFBC}") = "Lambdas", "Lambdas\Lambdas.csproj", "{E861ED62-72FA-4E08-8FC5-4B3069DD3661}"
EndProject
Global
	GlobalSection(SolutionConfigurationPlatforms) = preSolution
		Debug|Any CPU = Debug|Any CPU
		Release|Any CPU = Release|Any CPU
	EndGlobalSection
	GlobalSection(ProjectConfigurationPlatforms) = postSolution
		{CCDB6498-CE6C-418F-97C4-D05ACE58792A}.Debug|Any CPU.ActiveCfg = Debug|Any CPU
		{CCDB6498-CE6C-418F-97C4-D05ACE58792A}.Debug|Any CPU.Build.0 = Debug|Any CPU
		{CCDB6498-CE6C-418F-97C4-D05ACE58792A}.Release|Any CPU.ActiveCfg = Release|Any CPU
		{CCDB6498-CE6C-418F-97C4-D05ACE58792A}.Release|Any CPU.Build.0 = Release|Any CPU
		{CF1B5DCA-ED30-4659-BA7F-0D0721FA2235}.Debug|Any CPU.ActiveCfg = Debug|Any CPU
		{CF1B5DCA-ED30-4659-BA7F-0D0721FA2235}.Debug|Any CPU.Build.0 = Debug|Any CPU
		{CF1B5DCA-ED30-4659-BA7F-0D0721FA2235}.Release|Any CPU.ActiveCfg = Release|Any CPU
		{CF1B5DCA-ED30-4659-BA7F-0D0721FA2235}.Release|Any CPU.Build.0 = Release|Any CPU
		{CDDC57F1-473A-4371-BF8A-DF7BE6EC5ADF}.Debug|Any CPU.ActiveCfg = Debug|Any CPU
		{CDDC57F1-473A-4371-BF8A-DF7BE6EC5ADF}.Debug|Any CPU.Build.0 = Debug|Any CPU
		{CDDC57F1-473A-4371-BF8A-DF7BE6EC5ADF}.Release|Any CPU.ActiveCfg = Release|Any CPU
		{CDDC57F1-473A-4371-BF8A-DF7BE6EC5ADF}.Release|Any CPU.Build.0 = Release|Any CPU
		{AF2662DE-D40E-49BA-9BCE-EE7EB2ED5A4B}.Debug|Any CPU.ActiveCfg = Debug|Any CPU
		{AF2662DE-D40E-49BA-9BCE-EE7EB2ED5A4B}.Debug|Any CPU.Build.0 = Debug|Any CPU
		{AF2662DE-D40E-49BA-9BCE-EE7EB2ED5A4B}.Release|Any CPU.ActiveCfg = Release|Any CPU
		{AF2662DE-D40E-49BA-9BCE-EE7EB2ED5A4B}.Release|Any CPU.Build.0 = Release|Any CPU
		{E861ED62-72FA-4E08-8FC5-4B3069DD3661}.Debug|Any CPU.ActiveCfg = Debug|Any CPU
		{E861ED62-72FA-4E08-8FC5-4B3069DD3661}.Debug|Any CPU.Build.0 = Debug|Any CPU
		{E861ED62-72FA-4E08-8FC5-4B3069DD3661}.Release|Any CPU.ActiveCfg = Release|Any CPU
		{E861ED62-72FA-4E08-8FC5-4B3069DD3661}.Release|Any CPU.Build.0 = Release|Any CPU
	EndGlobalSection
	GlobalSection(SolutionProperties) = preSolution
		HideSolutionNode = FALSE
	EndGlobalSection
	GlobalSection(ExtensibilityGlobals) = postSolution
		SolutionGuid = {EDC14A59-223C-4D3C-BD34-1955F543D4D5}
	EndGlobalSection
EndGlobal
